# This file is autogenerated, do not edit; changes may be undone by the next 'dep ensure'.


[[projects]]
  digest = "1:a151d8abdc2ab0a97060ac2e7c71472dff76255d76d5e65d29dcf21cf0ae0664"
  name = "github.com/360EntSecGroup-Skylar/excelize"
  packages = ["."]
  pruneopts = "UT"
  revision = "3e004d900b103379c2d62657a3070de4a2e8585a"
  version = "v1.4.0"

[[projects]]
  branch = "master"
  digest = "1:84bd7f8a2e0bcd53ddc33c3b47c34c1fe340c8632cbe928f7f8ae10ec6ecdd62"
  name = "github.com/mohae/deepcopy"
  packages = ["."]
  pruneopts = "UT"
  revision = "c48cc78d482608239f6c4c92a4abd87eb8761c90"

[solve-meta]
  analyzer-name = "dep"
  analyzer-version = 1
  input-imports = ["github.com/360EntSecGroup-Skylar/excelize"]
  solver-name = "gps-cdcl"
  solver-version = 1
